
Microsoft Visual Studio Solution File, Format Version 12.00
# Visual Studio Version 16
VisualStudioVersion = 16.0.29215.179
MinimumVisualStudioVersion = 10.0.40219.1
Project("{FAE04EC0-301F-11D3-BF4B-00C04F79EFBC}") = "DiscordFortniteBot2", "DiscordFortniteBot2\DiscordFortniteBot2.csproj", "{A060AF85-DF22-4178-B161-2DC6AFECC3F2}"
EndProject
Global
	GlobalSection(SolutionConfigurationPlatforms) = preSolution
		Debug|Any CPU = Debug|Any CPU
		Release|Any CPU = Release|Any CPU
	EndGlobalSection
	GlobalSection(ProjectConfigurationPlatforms) = postSolution
		{A060AF85-DF22-4178-B161-2DC6AFECC3F2}.Debug|Any CPU.ActiveCfg = Debug|Any CPU
		{A060AF85-DF22-4178-B161-2DC6AFECC3F2}.Debug|Any CPU.Build.0 = Debug|Any CPU
		{A060AF85-DF22-4178-B161-2DC6AFECC3F2}.Release|Any CPU.ActiveCfg = Release|Any CPU
		{A060AF85-DF22-4178-B161-2DC6AFECC3F2}.Release|Any CPU.Build.0 = Release|Any CPU
	EndGlobalSection
	GlobalSection(SolutionProperties) = preSolution
		HideSolutionNode = FALSE
	EndGlobalSection
	GlobalSection(ExtensibilityGlobals) = postSolution
		SolutionGuid = {FC353CC7-35E3-4E7E-9081-AD292E40CB73}
	EndGlobalSection
EndGlobal
